
Microsoft Visual Studio Solution File, Format Version 12.00
# Visual Studio Version 17
VisualStudioVersion = 17.5.002.0
MinimumVisualStudioVersion = 10.0.40219.1
Project("{2150E333-8FDC-42A3-9474-1A3956D46DE8}") = "sandbox", "sandbox", "{3C22FC5B-F7F2-4788-B884-C9A403697FE8}"
EndProject
Project("{9A19103F-16F7-4668-BE54-9A1E7A4F7556}") = "sandbox_project", "sandbox\sandbox_project\sandbox_project.csproj", "{AF489199-5665-458B-96B1-1AE768CCDCE1}"
EndProject
Project("{2150E333-8FDC-42A3-9474-1A3956D46DE8}") = "week01", "week01", "{A4CD3ED9-CB6C-4030-9E3E-ACAE89CC962E}"
EndProject
Project("{9A19103F-16F7-4668-BE54-9A1E7A4F7556}") = "analyze", "week01\analyze\analyze.csproj", "{4FA07074-975D-4E66-A6AF-3D3F12714080}"
EndProject
Project("{9A19103F-16F7-4668-BE54-9A1E7A4F7556}") = "code", "week01\code\code.csproj", "{B00D97AE-332F-4093-9B24-AADC40AF02B3}"
EndProject
Project("{9A19103F-16F7-4668-BE54-9A1E7A4F7556}") = "teach", "week01\teach\teach.csproj", "{5CA98447-0116-40ED-BC76-31F38C43CC6B}"
EndProject
Project("{2150E333-8FDC-42A3-9474-1A3956D46DE8}") = "week02", "week02", "{FFC8CE45-8F87-4621-951F-9256AD8CE275}"
EndProject
Project("{9A19103F-16F7-4668-BE54-9A1E7A4F7556}") = "analyze", "week02\analyze\analyze.csproj", "{10F3C485-CC9D-4FAF-8443-2BA742E67F60}"
EndProject
Project("{9A19103F-16F7-4668-BE54-9A1E7A4F7556}") = "code", "week02\code\code.csproj", "{873EF275-2580-4106-AA2F-3D993A1AE527}"
EndProject
Project("{9A19103F-16F7-4668-BE54-9A1E7A4F7556}") = "learn", "week02\learn\learn.csproj", "{373B69C2-3072-4D42-8392-01AC04A989B5}"
EndProject
Project("{9A19103F-16F7-4668-BE54-9A1E7A4F7556}") = "teach", "week02\teach\teach.csproj", "{E9ABA79F-4871-42F8-ADB3-A883D0632D9C}"
EndProject
Project("{2150E333-8FDC-42A3-9474-1A3956D46DE8}") = "week03", "week03", "{8EDB975F-5C9B-4C48-9DBF-464F5E1F9727}"
EndProject
Project("{9A19103F-16F7-4668-BE54-9A1E7A4F7556}") = "code", "week03\code\code.csproj", "{7FB428F8-B9D8-4FAA-8B88-9A674A4F1062}"
EndProject
Project("{9A19103F-16F7-4668-BE54-9A1E7A4F7556}") = "learn", "week03\learn\learn.csproj", "{7DC2C073-7434-4D8B-8EE7-248873CED0E8}"
EndProject
Project("{9A19103F-16F7-4668-BE54-9A1E7A4F7556}") = "teach", "week03\teach\teach.csproj", "{53F682D6-9F5E-4238-AEA1-5E1979FE315F}"
EndProject
Project("{2150E333-8FDC-42A3-9474-1A3956D46DE8}") = "week04", "week04", "{7E31BF0F-9AFE-4E47-8996-C03E8124FE14}"
EndProject
Project("{9A19103F-16F7-4668-BE54-9A1E7A4F7556}") = "code", "week04\code\code.csproj", "{BF70E709-AABC-4D1C-AF0B-09A64B81E9D0}"
EndProject
Project("{2150E333-8FDC-42A3-9474-1A3956D46DE8}") = "week05", "week05", "{DE9F9AFD-E140-4B20-9B63-6574BA560803}"
EndProject
Project("{9A19103F-16F7-4668-BE54-9A1E7A4F7556}") = "code", "week05\code\code.csproj", "{A2A177FC-16F5-468F-B692-3E315AC990D5}"
EndProject
Project("{2150E333-8FDC-42A3-9474-1A3956D46DE8}") = "week06", "week06", "{9EBCAB04-8501-4E06-82C6-50726041D9E0}"
EndProject
Project("{9A19103F-16F7-4668-BE54-9A1E7A4F7556}") = "code", "week06\code\code.csproj", "{E1DC5DF4-C2B3-4073-88F5-9CD74A9BB24B}"
EndProject
Global
	GlobalSection(SolutionConfigurationPlatforms) = preSolution
		Debug|Any CPU = Debug|Any CPU
		Release|Any CPU = Release|Any CPU
	EndGlobalSection
	GlobalSection(ProjectConfigurationPlatforms) = postSolution
		{AF489199-5665-458B-96B1-1AE768CCDCE1}.Debug|Any CPU.ActiveCfg = Debug|Any CPU
		{AF489199-5665-458B-96B1-1AE768CCDCE1}.Debug|Any CPU.Build.0 = Debug|Any CPU
		{AF489199-5665-458B-96B1-1AE768CCDCE1}.Release|Any CPU.ActiveCfg = Release|Any CPU
		{AF489199-5665-458B-96B1-1AE768CCDCE1}.Release|Any CPU.Build.0 = Release|Any CPU
		{4FA07074-975D-4E66-A6AF-3D3F12714080}.Debug|Any CPU.ActiveCfg = Debug|Any CPU
		{4FA07074-975D-4E66-A6AF-3D3F12714080}.Debug|Any CPU.Build.0 = Debug|Any CPU
		{4FA07074-975D-4E66-A6AF-3D3F12714080}.Release|Any CPU.ActiveCfg = Release|Any CPU
		{4FA07074-975D-4E66-A6AF-3D3F12714080}.Release|Any CPU.Build.0 = Release|Any CPU
		{B00D97AE-332F-4093-9B24-AADC40AF02B3}.Debug|Any CPU.ActiveCfg = Debug|Any CPU
		{B00D97AE-332F-4093-9B24-AADC40AF02B3}.Debug|Any CPU.Build.0 = Debug|Any CPU
		{B00D97AE-332F-4093-9B24-AADC40AF02B3}.Release|Any CPU.ActiveCfg = Release|Any CPU
		{B00D97AE-332F-4093-9B24-AADC40AF02B3}.Release|Any CPU.Build.0 = Release|Any CPU
		{5CA98447-0116-40ED-BC76-31F38C43CC6B}.Debug|Any CPU.ActiveCfg = Debug|Any CPU
		{5CA98447-0116-40ED-BC76-31F38C43CC6B}.Debug|Any CPU.Build.0 = Debug|Any CPU
		{5CA98447-0116-40ED-BC76-31F38C43CC6B}.Release|Any CPU.ActiveCfg = Release|Any CPU
		{5CA98447-0116-40ED-BC76-31F38C43CC6B}.Release|Any CPU.Build.0 = Release|Any CPU
		{10F3C485-CC9D-4FAF-8443-2BA742E67F60}.Debug|Any CPU.ActiveCfg = Debug|Any CPU
		{10F3C485-CC9D-4FAF-8443-2BA742E67F60}.Debug|Any CPU.Build.0 = Debug|Any CPU
		{10F3C485-CC9D-4FAF-8443-2BA742E67F60}.Release|Any CPU.ActiveCfg = Release|Any CPU
		{10F3C485-CC9D-4FAF-8443-2BA742E67F60}.Release|Any CPU.Build.0 = Release|Any CPU
		{873EF275-2580-4106-AA2F-3D993A1AE527}.Debug|Any CPU.ActiveCfg = Debug|Any CPU
		{873EF275-2580-4106-AA2F-3D993A1AE527}.Debug|Any CPU.Build.0 = Debug|Any CPU
		{873EF275-2580-4106-AA2F-3D993A1AE527}.Release|Any CPU.ActiveCfg = Release|Any CPU
		{873EF275-2580-4106-AA2F-3D993A1AE527}.Release|Any CPU.Build.0 = Release|Any CPU
		{373B69C2-3072-4D42-8392-01AC04A989B5}.Debug|Any CPU.ActiveCfg = Debug|Any CPU
		{373B69C2-3072-4D42-8392-01AC04A989B5}.Debug|Any CPU.Build.0 = Debug|Any CPU
		{373B69C2-3072-4D42-8392-01AC04A989B5}.Release|Any CPU.ActiveCfg = Release|Any CPU
		{373B69C2-3072-4D42-8392-01AC04A989B5}.Release|Any CPU.Build.0 = Release|Any CPU
		{E9ABA79F-4871-42F8-ADB3-A883D0632D9C}.Debug|Any CPU.ActiveCfg = Debug|Any CPU
		{E9ABA79F-4871-42F8-ADB3-A883D0632D9C}.Debug|Any CPU.Build.0 = Debug|Any CPU
		{E9ABA79F-4871-42F8-ADB3-A883D0632D9C}.Release|Any CPU.ActiveCfg = Release|Any CPU
		{E9ABA79F-4871-42F8-ADB3-A883D0632D9C}.Release|Any CPU.Build.0 = Release|Any CPU
		{7FB428F8-B9D8-4FAA-8B88-9A674A4F1062}.Debug|Any CPU.ActiveCfg = Debug|Any CPU
		{7FB428F8-B9D8-4FAA-8B88-9A674A4F1062}.Debug|Any CPU.Build.0 = Debug|Any CPU
		{7FB428F8-B9D8-4FAA-8B88-9A674A4F1062}.Release|Any CPU.ActiveCfg = Release|Any CPU
		{7FB428F8-B9D8-4FAA-8B88-9A674A4F1062}.Release|Any CPU.Build.0 = Release|Any CPU
		{7DC2C073-7434-4D8B-8EE7-248873CED0E8}.Debug|Any CPU.ActiveCfg = Debug|Any CPU
		{7DC2C073-7434-4D8B-8EE7-248873CED0E8}.Debug|Any CPU.Build.0 = Debug|Any CPU
		{7DC2C073-7434-4D8B-8EE7-248873CED0E8}.Release|Any CPU.ActiveCfg = Release|Any CPU
		{7DC2C073-7434-4D8B-8EE7-248873CED0E8}.Release|Any CPU.Build.0 = Release|Any CPU
		{53F682D6-9F5E-4238-AEA1-5E1979FE315F}.Debug|Any CPU.ActiveCfg = Debug|Any CPU
		{53F682D6-9F5E-4238-AEA1-5E1979FE315F}.Debug|Any CPU.Build.0 = Debug|Any CPU
		{53F682D6-9F5E-4238-AEA1-5E1979FE315F}.Release|Any CPU.ActiveCfg = Release|Any CPU
		{53F682D6-9F5E-4238-AEA1-5E1979FE315F}.Release|Any CPU.Build.0 = Release|Any CPU
		{BF70E709-AABC-4D1C-AF0B-09A64B81E9D0}.Debug|Any CPU.ActiveCfg = Debug|Any CPU
		{BF70E709-AABC-4D1C-AF0B-09A64B81E9D0}.Debug|Any CPU.Build.0 = Debug|Any CPU
		{BF70E709-AABC-4D1C-AF0B-09A64B81E9D0}.Release|Any CPU.ActiveCfg = Release|Any CPU
		{BF70E709-AABC-4D1C-AF0B-09A64B81E9D0}.Release|Any CPU.Build.0 = Release|Any CPU
		{A2A177FC-16F5-468F-B692-3E315AC990D5}.Debug|Any CPU.ActiveCfg = Debug|Any CPU
		{A2A177FC-16F5-468F-B692-3E315AC990D5}.Debug|Any CPU.Build.0 = Debug|Any CPU
		{A2A177FC-16F5-468F-B692-3E315AC990D5}.Release|Any CPU.ActiveCfg = Release|Any CPU
		{A2A177FC-16F5-468F-B692-3E315AC990D5}.Release|Any CPU.Build.0 = Release|Any CPU
		{E1DC5DF4-C2B3-4073-88F5-9CD74A9BB24B}.Debug|Any CPU.ActiveCfg = Debug|Any CPU
		{E1DC5DF4-C2B3-4073-88F5-9CD74A9BB24B}.Debug|Any CPU.Build.0 = Debug|Any CPU
		{E1DC5DF4-C2B3-4073-88F5-9CD74A9BB24B}.Release|Any CPU.ActiveCfg = Release|Any CPU
		{E1DC5DF4-C2B3-4073-88F5-9CD74A9BB24B}.Release|Any CPU.Build.0 = Release|Any CPU
	EndGlobalSection
	GlobalSection(SolutionProperties) = preSolution
		HideSolutionNode = FALSE
	EndGlobalSection
	GlobalSection(NestedProjects) = preSolution
		{AF489199-5665-458B-96B1-1AE768CCDCE1} = {3C22FC5B-F7F2-4788-B884-C9A403697FE8}
		{4FA07074-975D-4E66-A6AF-3D3F12714080} = {A4CD3ED9-CB6C-4030-9E3E-ACAE89CC962E}
		{B00D97AE-332F-4093-9B24-AADC40AF02B3} = {A4CD3ED9-CB6C-4030-9E3E-ACAE89CC962E}
		{5CA98447-0116-40ED-BC76-31F38C43CC6B} = {A4CD3ED9-CB6C-4030-9E3E-ACAE89CC962E}
		{10F3C485-CC9D-4FAF-8443-2BA742E67F60} = {FFC8CE45-8F87-4621-951F-9256AD8CE275}
		{873EF275-2580-4106-AA2F-3D993A1AE527} = {FFC8CE45-8F87-4621-951F-9256AD8CE275}
		{373B69C2-3072-4D42-8392-01AC04A989B5} = {FFC8CE45-8F87-4621-951F-9256AD8CE275}
		{E9ABA79F-4871-42F8-ADB3-A883D0632D9C} = {FFC8CE45-8F87-4621-951F-9256AD8CE275}
		{7FB428F8-B9D8-4FAA-8B88-9A674A4F1062} = {8EDB975F-5C9B-4C48-9DBF-464F5E1F9727}
		{7DC2C073-7434-4D8B-8EE7-248873CED0E8} = {8EDB975F-5C9B-4C48-9DBF-464F5E1F9727}
		{53F682D6-9F5E-4238-AEA1-5E1979FE315F} = {8EDB975F-5C9B-4C48-9DBF-464F5E1F9727}
		{BF70E709-AABC-4D1C-AF0B-09A64B81E9D0} = {7E31BF0F-9AFE-4E47-8996-C03E8124FE14}
		{A2A177FC-16F5-468F-B692-3E315AC990D5} = {DE9F9AFD-E140-4B20-9B63-6574BA560803}
		{E1DC5DF4-C2B3-4073-88F5-9CD74A9BB24B} = {9EBCAB04-8501-4E06-82C6-50726041D9E0}
	EndGlobalSection
	GlobalSection(ExtensibilityGlobals) = postSolution
		SolutionGuid = {AA441762-B92D-4AF2-8E11-11F0168B39C1}
	EndGlobalSection
EndGlobal
